
Microsoft Visual Studio Solution File, Format Version 12.00
# Visual Studio Version 17
VisualStudioVersion = 17.8.34330.188
MinimumVisualStudioVersion = 10.0.40219.1
Project("{FAE04EC0-301F-11D3-BF4B-00C04F79EFBC}") = "StudentManagementSystem", "StudentManagementSystem\StudentManagementSystem.csproj", "{28563242-4489-4D37-999C-D2C32A104C29}"
EndProject
Global
	GlobalSection(SolutionConfigurationPlatforms) = preSolution
		Debug|Any CPU = Debug|Any CPU
		Release|Any CPU = Release|Any CPU
	EndGlobalSection
	GlobalSection(ProjectConfigurationPlatforms) = postSolution
		{28563242-4489-4D37-999C-D2C32A104C29}.Debug|Any CPU.ActiveCfg = Debug|Any CPU
		{28563242-4489-4D37-999C-D2C32A104C29}.Debug|Any CPU.Build.0 = Debug|Any CPU
		{28563242-4489-4D37-999C-D2C32A104C29}.Release|Any CPU.ActiveCfg = Release|Any CPU
		{28563242-4489-4D37-999C-D2C32A104C29}.Release|Any CPU.Build.0 = Release|Any CPU
	EndGlobalSection
	GlobalSection(SolutionProperties) = preSolution
		HideSolutionNode = FALSE
	EndGlobalSection
	GlobalSection(ExtensibilityGlobals) = postSolution
		SolutionGuid = {F93A4439-8212-4447-A47D-FCCCC43713E5}
	EndGlobalSection
EndGlobal
